{
  "version": 4,
  "terraform_version": "1.13.3",
  "serial": 9,
  "lineage": "26f40fcc-6dbc-1263-fa54-7c8023a7f312",
  "outputs": {},
  "resources": [
    {
      "mode": "managed",
      "type": "virtualbox_vm",
      "name": "ubuntu_vm",
      "provider": "provider[\"registry.terraform.io/terra-farm/virtualbox\"]",
      "instances": [
        {
          "status": "tainted",
          "schema_version": 0,
          "attributes": {
            "boot_order": null,
            "checksum": null,
            "checksum_type": null,
            "cpus": 1,
            "id": "9e010b87-3e1f-4f42-9ac7-97f7c801cc62",
            "image": "https://cloud-images.ubuntu.com/focal/current/focal-server-cloudimg-amd64-vagrant.box",
            "memory": "1.0 gib",
            "name": "ubuntu_vm",
            "network_adapter": [
              {
                "device": "IntelPro1000MTServer",
                "host_interface": "",
                "ipv4_address": "",
                "ipv4_address_available": "",
                "mac_address": "",
                "status": "",
                "type": "nat"
              }
            ],
            "optical_disks": null,
            "status": "running",
            "url": null,
            "user_data": null
          },
          "sensitive_attributes": [],
          "identity_schema_version": 0,
          "private": "bnVsbA=="
        }
      ]
    }
  ],
  "check_results": null
}
